
Microsoft Visual Studio Solution File, Format Version 12.00
# Visual Studio Version 16
VisualStudioVersion = 16.0.31424.327
MinimumVisualStudioVersion = 10.0.40219.1
Project("{9A19103F-16F7-4668-BE54-9A1E7A4F7556}") = "ProductStore.Domain", "ProductStore.Domain\ProductStore.Domain.csproj", "{3A23AD27-A545-46D0-BCD8-4C8E28FDF83A}"
EndProject
Project("{9A19103F-16F7-4668-BE54-9A1E7A4F7556}") = "ProductStore.Service", "ProductStore.Service\ProductStore.Service.csproj", "{178A6547-3D20-4876-84FF-D274166E3FF4}"
EndProject
Project("{9A19103F-16F7-4668-BE54-9A1E7A4F7556}") = "ProductStore.Console", "ProductStore.Console\ProductStore.Console.csproj", "{8AEE2A3E-6359-4B5F-975F-D4F6A0919F91}"
EndProject
Project("{9A19103F-16F7-4668-BE54-9A1E7A4F7556}") = "ProductStore.Data", "ProductStore.Data\ProductStore.Data.csproj", "{13B8E9B9-F1DC-4088-B62E-45823D8D59D5}"
EndProject
Project("{9A19103F-16F7-4668-BE54-9A1E7A4F7556}") = "Service.Pattern", "Service.Pattern\Service.Pattern.csproj", "{48A68210-989E-45B6-A211-6C90DD3FA290}"
EndProject
Project("{FAE04EC0-301F-11D3-BF4B-00C04F79EFBC}") = "ProductStore.Web", "ProductStore.Web\ProductStore.Web.csproj", "{63997565-C76B-43F9-8607-8CC1087DAC73}"
EndProject
Global
	GlobalSection(SolutionConfigurationPlatforms) = preSolution
		Debug|Any CPU = Debug|Any CPU
		Release|Any CPU = Release|Any CPU
	EndGlobalSection
	GlobalSection(ProjectConfigurationPlatforms) = postSolution
		{3A23AD27-A545-46D0-BCD8-4C8E28FDF83A}.Debug|Any CPU.ActiveCfg = Debug|Any CPU
		{3A23AD27-A545-46D0-BCD8-4C8E28FDF83A}.Debug|Any CPU.Build.0 = Debug|Any CPU
		{3A23AD27-A545-46D0-BCD8-4C8E28FDF83A}.Release|Any CPU.ActiveCfg = Release|Any CPU
		{3A23AD27-A545-46D0-BCD8-4C8E28FDF83A}.Release|Any CPU.Build.0 = Release|Any CPU
		{178A6547-3D20-4876-84FF-D274166E3FF4}.Debug|Any CPU.ActiveCfg = Debug|Any CPU
		{178A6547-3D20-4876-84FF-D274166E3FF4}.Debug|Any CPU.Build.0 = Debug|Any CPU
		{178A6547-3D20-4876-84FF-D274166E3FF4}.Release|Any CPU.ActiveCfg = Release|Any CPU
		{178A6547-3D20-4876-84FF-D274166E3FF4}.Release|Any CPU.Build.0 = Release|Any CPU
		{8AEE2A3E-6359-4B5F-975F-D4F6A0919F91}.Debug|Any CPU.ActiveCfg = Debug|Any CPU
		{8AEE2A3E-6359-4B5F-975F-D4F6A0919F91}.Debug|Any CPU.Build.0 = Debug|Any CPU
		{8AEE2A3E-6359-4B5F-975F-D4F6A0919F91}.Release|Any CPU.ActiveCfg = Release|Any CPU
		{8AEE2A3E-6359-4B5F-975F-D4F6A0919F91}.Release|Any CPU.Build.0 = Release|Any CPU
		{13B8E9B9-F1DC-4088-B62E-45823D8D59D5}.Debug|Any CPU.ActiveCfg = Debug|Any CPU
		{13B8E9B9-F1DC-4088-B62E-45823D8D59D5}.Debug|Any CPU.Build.0 = Debug|Any CPU
		{13B8E9B9-F1DC-4088-B62E-45823D8D59D5}.Release|Any CPU.ActiveCfg = Release|Any CPU
		{13B8E9B9-F1DC-4088-B62E-45823D8D59D5}.Release|Any CPU.Build.0 = Release|Any CPU
		{48A68210-989E-45B6-A211-6C90DD3FA290}.Debug|Any CPU.ActiveCfg = Debug|Any CPU
		{48A68210-989E-45B6-A211-6C90DD3FA290}.Debug|Any CPU.Build.0 = Debug|Any CPU
		{48A68210-989E-45B6-A211-6C90DD3FA290}.Release|Any CPU.ActiveCfg = Release|Any CPU
		{48A68210-989E-45B6-A211-6C90DD3FA290}.Release|Any CPU.Build.0 = Release|Any CPU
		{63997565-C76B-43F9-8607-8CC1087DAC73}.Debug|Any CPU.ActiveCfg = Debug|Any CPU
		{63997565-C76B-43F9-8607-8CC1087DAC73}.Debug|Any CPU.Build.0 = Debug|Any CPU
		{63997565-C76B-43F9-8607-8CC1087DAC73}.Release|Any CPU.ActiveCfg = Release|Any CPU
		{63997565-C76B-43F9-8607-8CC1087DAC73}.Release|Any CPU.Build.0 = Release|Any CPU
	EndGlobalSection
	GlobalSection(SolutionProperties) = preSolution
		HideSolutionNode = FALSE
	EndGlobalSection
	GlobalSection(ExtensibilityGlobals) = postSolution
		SolutionGuid = {321538A1-0790-4FD3-BE81-68F0F740E4D3}
	EndGlobalSection
EndGlobal
